
Microsoft Visual Studio Solution File, Format Version 12.00
# Visual Studio Version 16
VisualStudioVersion = 16.0.29306.81
MinimumVisualStudioVersion = 10.0.40219.1
Project("{FAE04EC0-301F-11D3-BF4B-00C04F79EFBC}") = "IC4EGO", "IC4EGO\IC4EGO.csproj", "{B31AD1A9-3019-44B7-ACBF-0188ABADA3BD}"
EndProject
Project("{FAE04EC0-301F-11D3-BF4B-00C04F79EFBC}") = "IC4EGO.Test", "IC4EGO.Test\IC4EGO.Test.csproj", "{78E50362-E094-44F9-9BBB-E16C6BA4B905}"
EndProject
Global
	GlobalSection(SolutionConfigurationPlatforms) = preSolution
		Debug|Any CPU = Debug|Any CPU
		Release|Any CPU = Release|Any CPU
	EndGlobalSection
	GlobalSection(ProjectConfigurationPlatforms) = postSolution
		{B31AD1A9-3019-44B7-ACBF-0188ABADA3BD}.Debug|Any CPU.ActiveCfg = Debug|Any CPU
		{B31AD1A9-3019-44B7-ACBF-0188ABADA3BD}.Debug|Any CPU.Build.0 = Debug|Any CPU
		{B31AD1A9-3019-44B7-ACBF-0188ABADA3BD}.Release|Any CPU.ActiveCfg = Release|Any CPU
		{B31AD1A9-3019-44B7-ACBF-0188ABADA3BD}.Release|Any CPU.Build.0 = Release|Any CPU
		{78E50362-E094-44F9-9BBB-E16C6BA4B905}.Debug|Any CPU.ActiveCfg = Debug|Any CPU
		{78E50362-E094-44F9-9BBB-E16C6BA4B905}.Debug|Any CPU.Build.0 = Debug|Any CPU
		{78E50362-E094-44F9-9BBB-E16C6BA4B905}.Release|Any CPU.ActiveCfg = Release|Any CPU
		{78E50362-E094-44F9-9BBB-E16C6BA4B905}.Release|Any CPU.Build.0 = Release|Any CPU
	EndGlobalSection
	GlobalSection(SolutionProperties) = preSolution
		HideSolutionNode = FALSE
	EndGlobalSection
	GlobalSection(ExtensibilityGlobals) = postSolution
		SolutionGuid = {4347D0E4-04CA-4031-9088-B549DA38AF04}
	EndGlobalSection
EndGlobal
